
Microsoft Visual Studio Solution File, Format Version 12.00
# Visual Studio Version 16
VisualStudioVersion = 16.0.33927.289
MinimumVisualStudioVersion = 10.0.40219.1
Project("{2150E333-8FDC-42A3-9474-1A3956D46DE8}") = "Task0", "Task0", "{6B1A067E-9394-45D4-8162-FF76C41A28D3}"
EndProject
Project("{FAE04EC0-301F-11D3-BF4B-00C04F79EFBC}") = "Tyuiu.MikhailovNS.Sprint5.Task0.V6", "Tyuiu.MikhailovNS.Sprint5.Task0.V6\Tyuiu.MikhailovNS.Sprint5.Task0.V6.csproj", "{936C8162-B543-405D-AE02-FBB44BFB2C28}"
EndProject
Project("{FAE04EC0-301F-11D3-BF4B-00C04F79EFBC}") = "Tyuiu.MikhailovNS.Sprint5.Task0.V6.Test", "Tyuiu.MikhailovNS.Sprint5.Task0.V6.Test\Tyuiu.MikhailovNS.Sprint5.Task0.V6.Test.csproj", "{204FF603-E10B-44BF-BE37-C9F1802904F9}"
EndProject
Project("{FAE04EC0-301F-11D3-BF4B-00C04F79EFBC}") = "Tyuiu.MikhailovNS.Sprint5.Task0.V6.Lib", "Tyuiu.MikhailovNS.Sprint5.Task0.V6.Lib\Tyuiu.MikhailovNS.Sprint5.Task0.V6.Lib.csproj", "{1267F175-0D45-4E08-B07F-73E2C23E0C4A}"
EndProject
Project("{2150E333-8FDC-42A3-9474-1A3956D46DE8}") = "Task1", "Task1", "{EDC4A4FA-9BC4-4FAD-9CC1-5A8380AF53F6}"
EndProject
Project("{FAE04EC0-301F-11D3-BF4B-00C04F79EFBC}") = "Tyuiu.MikhailovNS.Sprint5.Task1.V10", "Tyuiu.MikhailovNS.Sprint5.Task1.V10\Tyuiu.MikhailovNS.Sprint5.Task1.V10.csproj", "{734E0E5D-67D6-4AFA-8F61-ECD017AADAE1}"
EndProject
Project("{FAE04EC0-301F-11D3-BF4B-00C04F79EFBC}") = "Tyuiu.MikhailovNS.Sprint5.Task1.V10.Test", "Tyuiu.MikhailovNS.Sprint5.Task1.V10.Test\Tyuiu.MikhailovNS.Sprint5.Task1.V10.Test.csproj", "{9C2B2FC9-62E7-4D89-BB2D-F3955F8CDF79}"
EndProject
Project("{FAE04EC0-301F-11D3-BF4B-00C04F79EFBC}") = "Tyuiu.MikhailovNS.Sprint5.Task1.V10.Lib", "Tyuiu.MikhailovNS.Sprint5.Task1.V10.Lib\Tyuiu.MikhailovNS.Sprint5.Task1.V10.Lib.csproj", "{FF2E7135-C8D3-4392-8791-6DA84FE1CC61}"
EndProject
Project("{2150E333-8FDC-42A3-9474-1A3956D46DE8}") = "Task2", "Task2", "{0A0FEA65-DE67-4D7A-AE40-A64E8CCEA748}"
EndProject
Project("{FAE04EC0-301F-11D3-BF4B-00C04F79EFBC}") = "Tyuiu.MikhailovNS.Sprint5.Task2.V19", "Tyuiu.MikhailovNS.Sprint5.Task2.V19\Tyuiu.MikhailovNS.Sprint5.Task2.V19.csproj", "{E3F9AA48-0C89-4C59-9CCC-D4ACF31AB765}"
EndProject
Project("{FAE04EC0-301F-11D3-BF4B-00C04F79EFBC}") = "Tyuiu.MikhailovNS.Sprint5.Task2.V19.Test", "Tyuiu.MikhailovNS.Sprint5.Task2.V19.Test\Tyuiu.MikhailovNS.Sprint5.Task2.V19.Test.csproj", "{800FE90E-3898-4B26-ACC8-D6243632C2AF}"
EndProject
Project("{FAE04EC0-301F-11D3-BF4B-00C04F79EFBC}") = "Tyuiu.MikhailovNS.Sprint5.Task2.V19.Lib", "Tyuiu.MikhailovNS.Sprint5.Task2.V19.Lib\Tyuiu.MikhailovNS.Sprint5.Task2.V19.Lib.csproj", "{5773C9FF-19DE-4249-BEE9-08E23379F33C}"
EndProject
Project("{2150E333-8FDC-42A3-9474-1A3956D46DE8}") = "Task3", "Task3", "{E6BED945-E9F6-4B70-BFEE-9EDA4C134C0A}"
EndProject
Project("{FAE04EC0-301F-11D3-BF4B-00C04F79EFBC}") = "Tyuiu.MikhailovNS.Sprint5.Task3.V7", "Tyuiu.MikhailovNS.Sprint5.Task3.V7\Tyuiu.MikhailovNS.Sprint5.Task3.V7.csproj", "{38386B0D-C421-494C-88D4-AC5BC2B4D92B}"
EndProject
Project("{FAE04EC0-301F-11D3-BF4B-00C04F79EFBC}") = "Tyuiu.MikhailovNS.Sprint5.Task3.V7.Test", "Tyuiu.MikhailovNS.Sprint5.Task3.V7.Test\Tyuiu.MikhailovNS.Sprint5.Task3.V7.Test.csproj", "{4267046A-B07E-4C88-B884-01CD17F82A11}"
EndProject
Project("{FAE04EC0-301F-11D3-BF4B-00C04F79EFBC}") = "Tyuiu.MikhailovNS.Sprint5.Task3.V7.Lib", "Tyuiu.MikhailovNS.Sprint5.Task3.V7.Lib\Tyuiu.MikhailovNS.Sprint5.Task3.V7.Lib.csproj", "{78FF83CC-ECCB-43D7-BF96-E04C0CBAAC68}"
EndProject
Project("{2150E333-8FDC-42A3-9474-1A3956D46DE8}") = "Task4", "Task4", "{7A4983D1-1086-4A63-AA22-984B08FDF1A6}"
EndProject
Project("{FAE04EC0-301F-11D3-BF4B-00C04F79EFBC}") = "Tyuiu.MikhailovNS.Sprint5.Task4.V17", "Tyuiu.MikhailovNS.Sprint5.Task4.V17\Tyuiu.MikhailovNS.Sprint5.Task4.V17.csproj", "{7F81ECB1-4C74-4E4D-BA09-747DDF96D11C}"
EndProject
Project("{FAE04EC0-301F-11D3-BF4B-00C04F79EFBC}") = "Tyuiu.MikhailovNS.Sprint5.Task4.V17.Test", "Tyuiu.MikhailovNS.Sprint5.Task4.V17.Test\Tyuiu.MikhailovNS.Sprint5.Task4.V17.Test.csproj", "{91E234E1-1C33-4601-BF95-067BCE0D1799}"
EndProject
Project("{FAE04EC0-301F-11D3-BF4B-00C04F79EFBC}") = "Tyuiu.MikhailovNS.Sprint5.Task4.V17.Lib", "Tyuiu.MikhailovNS.Sprint5.Task4.V17.Lib\Tyuiu.MikhailovNS.Sprint5.Task4.V17.Lib.csproj", "{707CFE12-CB72-4BCB-A989-AFD18A4815F4}"
EndProject
Project("{2150E333-8FDC-42A3-9474-1A3956D46DE8}") = "Task5", "Task5", "{80CA50AB-F361-4DC1-8D0C-F6F690AE7ECA}"
EndProject
Project("{FAE04EC0-301F-11D3-BF4B-00C04F79EFBC}") = "Tyuiu.MikhailovNS.Sprint5.Task5.V20", "Tyuiu.MikhailovNS.Sprint5.Task5.V20\Tyuiu.MikhailovNS.Sprint5.Task5.V20.csproj", "{532F2E31-D488-454B-93BF-2852F71EF51F}"
EndProject
Project("{FAE04EC0-301F-11D3-BF4B-00C04F79EFBC}") = "Tyuiu.MikhailovNS.Sprint5.Task5.V20.Test", "Tyuiu.MikhailovNS.Sprint5.Task5.V20.Test\Tyuiu.MikhailovNS.Sprint5.Task5.V20.Test.csproj", "{A69F35B3-43C4-4D7E-A5C0-328421AB297D}"
EndProject
Project("{FAE04EC0-301F-11D3-BF4B-00C04F79EFBC}") = "Tyuiu.MikhailovNS.Sprint5.Task5.V20.Lib", "Tyuiu.MikhailovNS.Sprint5.Task5.V20.Lib\Tyuiu.MikhailovNS.Sprint5.Task5.V20.Lib.csproj", "{1E18A485-8D18-4336-AFB2-2EAF84E2C3BF}"
EndProject
Global
	GlobalSection(SolutionConfigurationPlatforms) = preSolution
		Debug|Any CPU = Debug|Any CPU
		Release|Any CPU = Release|Any CPU
	EndGlobalSection
	GlobalSection(ProjectConfigurationPlatforms) = postSolution
		{936C8162-B543-405D-AE02-FBB44BFB2C28}.Debug|Any CPU.ActiveCfg = Debug|Any CPU
		{936C8162-B543-405D-AE02-FBB44BFB2C28}.Debug|Any CPU.Build.0 = Debug|Any CPU
		{936C8162-B543-405D-AE02-FBB44BFB2C28}.Release|Any CPU.ActiveCfg = Release|Any CPU
		{936C8162-B543-405D-AE02-FBB44BFB2C28}.Release|Any CPU.Build.0 = Release|Any CPU
		{204FF603-E10B-44BF-BE37-C9F1802904F9}.Debug|Any CPU.ActiveCfg = Debug|Any CPU
		{204FF603-E10B-44BF-BE37-C9F1802904F9}.Debug|Any CPU.Build.0 = Debug|Any CPU
		{204FF603-E10B-44BF-BE37-C9F1802904F9}.Release|Any CPU.ActiveCfg = Release|Any CPU
		{204FF603-E10B-44BF-BE37-C9F1802904F9}.Release|Any CPU.Build.0 = Release|Any CPU
		{1267F175-0D45-4E08-B07F-73E2C23E0C4A}.Debug|Any CPU.ActiveCfg = Debug|Any CPU
		{1267F175-0D45-4E08-B07F-73E2C23E0C4A}.Debug|Any CPU.Build.0 = Debug|Any CPU
		{1267F175-0D45-4E08-B07F-73E2C23E0C4A}.Release|Any CPU.ActiveCfg = Release|Any CPU
		{1267F175-0D45-4E08-B07F-73E2C23E0C4A}.Release|Any CPU.Build.0 = Release|Any CPU
		{734E0E5D-67D6-4AFA-8F61-ECD017AADAE1}.Debug|Any CPU.ActiveCfg = Debug|Any CPU
		{734E0E5D-67D6-4AFA-8F61-ECD017AADAE1}.Debug|Any CPU.Build.0 = Debug|Any CPU
		{734E0E5D-67D6-4AFA-8F61-ECD017AADAE1}.Release|Any CPU.ActiveCfg = Release|Any CPU
		{734E0E5D-67D6-4AFA-8F61-ECD017AADAE1}.Release|Any CPU.Build.0 = Release|Any CPU
		{9C2B2FC9-62E7-4D89-BB2D-F3955F8CDF79}.Debug|Any CPU.ActiveCfg = Debug|Any CPU
		{9C2B2FC9-62E7-4D89-BB2D-F3955F8CDF79}.Debug|Any CPU.Build.0 = Debug|Any CPU
		{9C2B2FC9-62E7-4D89-BB2D-F3955F8CDF79}.Release|Any CPU.ActiveCfg = Release|Any CPU
		{9C2B2FC9-62E7-4D89-BB2D-F3955F8CDF79}.Release|Any CPU.Build.0 = Release|Any CPU
		{FF2E7135-C8D3-4392-8791-6DA84FE1CC61}.Debug|Any CPU.ActiveCfg = Debug|Any CPU
		{FF2E7135-C8D3-4392-8791-6DA84FE1CC61}.Debug|Any CPU.Build.0 = Debug|Any CPU
		{FF2E7135-C8D3-4392-8791-6DA84FE1CC61}.Release|Any CPU.ActiveCfg = Release|Any CPU
		{FF2E7135-C8D3-4392-8791-6DA84FE1CC61}.Release|Any CPU.Build.0 = Release|Any CPU
		{E3F9AA48-0C89-4C59-9CCC-D4ACF31AB765}.Debug|Any CPU.ActiveCfg = Debug|Any CPU
		{E3F9AA48-0C89-4C59-9CCC-D4ACF31AB765}.Debug|Any CPU.Build.0 = Debug|Any CPU
		{E3F9AA48-0C89-4C59-9CCC-D4ACF31AB765}.Release|Any CPU.ActiveCfg = Release|Any CPU
		{E3F9AA48-0C89-4C59-9CCC-D4ACF31AB765}.Release|Any CPU.Build.0 = Release|Any CPU
		{800FE90E-3898-4B26-ACC8-D6243632C2AF}.Debug|Any CPU.ActiveCfg = Debug|Any CPU
		{800FE90E-3898-4B26-ACC8-D6243632C2AF}.Debug|Any CPU.Build.0 = Debug|Any CPU
		{800FE90E-3898-4B26-ACC8-D6243632C2AF}.Release|Any CPU.ActiveCfg = Release|Any CPU
		{800FE90E-3898-4B26-ACC8-D6243632C2AF}.Release|Any CPU.Build.0 = Release|Any CPU
		{5773C9FF-19DE-4249-BEE9-08E23379F33C}.Debug|Any CPU.ActiveCfg = Debug|Any CPU
		{5773C9FF-19DE-4249-BEE9-08E23379F33C}.Debug|Any CPU.Build.0 = Debug|Any CPU
		{5773C9FF-19DE-4249-BEE9-08E23379F33C}.Release|Any CPU.ActiveCfg = Release|Any CPU
		{5773C9FF-19DE-4249-BEE9-08E23379F33C}.Release|Any CPU.Build.0 = Release|Any CPU
		{38386B0D-C421-494C-88D4-AC5BC2B4D92B}.Debug|Any CPU.ActiveCfg = Debug|Any CPU
		{38386B0D-C421-494C-88D4-AC5BC2B4D92B}.Debug|Any CPU.Build.0 = Debug|Any CPU
		{38386B0D-C421-494C-88D4-AC5BC2B4D92B}.Release|Any CPU.ActiveCfg = Release|Any CPU
		{38386B0D-C421-494C-88D4-AC5BC2B4D92B}.Release|Any CPU.Build.0 = Release|Any CPU
		{4267046A-B07E-4C88-B884-01CD17F82A11}.Debug|Any CPU.ActiveCfg = Debug|Any CPU
		{4267046A-B07E-4C88-B884-01CD17F82A11}.Debug|Any CPU.Build.0 = Debug|Any CPU
		{4267046A-B07E-4C88-B884-01CD17F82A11}.Release|Any CPU.ActiveCfg = Release|Any CPU
		{4267046A-B07E-4C88-B884-01CD17F82A11}.Release|Any CPU.Build.0 = Release|Any CPU
		{78FF83CC-ECCB-43D7-BF96-E04C0CBAAC68}.Debug|Any CPU.ActiveCfg = Debug|Any CPU
		{78FF83CC-ECCB-43D7-BF96-E04C0CBAAC68}.Debug|Any CPU.Build.0 = Debug|Any CPU
		{78FF83CC-ECCB-43D7-BF96-E04C0CBAAC68}.Release|Any CPU.ActiveCfg = Release|Any CPU
		{78FF83CC-ECCB-43D7-BF96-E04C0CBAAC68}.Release|Any CPU.Build.0 = Release|Any CPU
		{7F81ECB1-4C74-4E4D-BA09-747DDF96D11C}.Debug|Any CPU.ActiveCfg = Debug|Any CPU
		{7F81ECB1-4C74-4E4D-BA09-747DDF96D11C}.Debug|Any CPU.Build.0 = Debug|Any CPU
		{7F81ECB1-4C74-4E4D-BA09-747DDF96D11C}.Release|Any CPU.ActiveCfg = Release|Any CPU
		{7F81ECB1-4C74-4E4D-BA09-747DDF96D11C}.Release|Any CPU.Build.0 = Release|Any CPU
		{91E234E1-1C33-4601-BF95-067BCE0D1799}.Debug|Any CPU.ActiveCfg = Debug|Any CPU
		{91E234E1-1C33-4601-BF95-067BCE0D1799}.Debug|Any CPU.Build.0 = Debug|Any CPU
		{91E234E1-1C33-4601-BF95-067BCE0D1799}.Release|Any CPU.ActiveCfg = Release|Any CPU
		{91E234E1-1C33-4601-BF95-067BCE0D1799}.Release|Any CPU.Build.0 = Release|Any CPU
		{707CFE12-CB72-4BCB-A989-AFD18A4815F4}.Debug|Any CPU.ActiveCfg = Debug|Any CPU
		{707CFE12-CB72-4BCB-A989-AFD18A4815F4}.Debug|Any CPU.Build.0 = Debug|Any CPU
		{707CFE12-CB72-4BCB-A989-AFD18A4815F4}.Release|Any CPU.ActiveCfg = Release|Any CPU
		{707CFE12-CB72-4BCB-A989-AFD18A4815F4}.Release|Any CPU.Build.0 = Release|Any CPU
		{532F2E31-D488-454B-93BF-2852F71EF51F}.Debug|Any CPU.ActiveCfg = Debug|Any CPU
		{532F2E31-D488-454B-93BF-2852F71EF51F}.Debug|Any CPU.Build.0 = Debug|Any CPU
		{532F2E31-D488-454B-93BF-2852F71EF51F}.Release|Any CPU.ActiveCfg = Release|Any CPU
		{532F2E31-D488-454B-93BF-2852F71EF51F}.Release|Any CPU.Build.0 = Release|Any CPU
		{A69F35B3-43C4-4D7E-A5C0-328421AB297D}.Debug|Any CPU.ActiveCfg = Debug|Any CPU
		{A69F35B3-43C4-4D7E-A5C0-328421AB297D}.Debug|Any CPU.Build.0 = Debug|Any CPU
		{A69F35B3-43C4-4D7E-A5C0-328421AB297D}.Release|Any CPU.ActiveCfg = Release|Any CPU
		{A69F35B3-43C4-4D7E-A5C0-328421AB297D}.Release|Any CPU.Build.0 = Release|Any CPU
		{1E18A485-8D18-4336-AFB2-2EAF84E2C3BF}.Debug|Any CPU.ActiveCfg = Debug|Any CPU
		{1E18A485-8D18-4336-AFB2-2EAF84E2C3BF}.Debug|Any CPU.Build.0 = Debug|Any CPU
		{1E18A485-8D18-4336-AFB2-2EAF84E2C3BF}.Release|Any CPU.ActiveCfg = Release|Any CPU
		{1E18A485-8D18-4336-AFB2-2EAF84E2C3BF}.Release|Any CPU.Build.0 = Release|Any CPU
	EndGlobalSection
	GlobalSection(SolutionProperties) = preSolution
		HideSolutionNode = FALSE
	EndGlobalSection
	GlobalSection(NestedProjects) = preSolution
		{936C8162-B543-405D-AE02-FBB44BFB2C28} = {6B1A067E-9394-45D4-8162-FF76C41A28D3}
		{204FF603-E10B-44BF-BE37-C9F1802904F9} = {6B1A067E-9394-45D4-8162-FF76C41A28D3}
		{1267F175-0D45-4E08-B07F-73E2C23E0C4A} = {6B1A067E-9394-45D4-8162-FF76C41A28D3}
		{734E0E5D-67D6-4AFA-8F61-ECD017AADAE1} = {EDC4A4FA-9BC4-4FAD-9CC1-5A8380AF53F6}
		{9C2B2FC9-62E7-4D89-BB2D-F3955F8CDF79} = {EDC4A4FA-9BC4-4FAD-9CC1-5A8380AF53F6}
		{FF2E7135-C8D3-4392-8791-6DA84FE1CC61} = {EDC4A4FA-9BC4-4FAD-9CC1-5A8380AF53F6}
		{E3F9AA48-0C89-4C59-9CCC-D4ACF31AB765} = {0A0FEA65-DE67-4D7A-AE40-A64E8CCEA748}
		{800FE90E-3898-4B26-ACC8-D6243632C2AF} = {0A0FEA65-DE67-4D7A-AE40-A64E8CCEA748}
		{5773C9FF-19DE-4249-BEE9-08E23379F33C} = {0A0FEA65-DE67-4D7A-AE40-A64E8CCEA748}
		{38386B0D-C421-494C-88D4-AC5BC2B4D92B} = {E6BED945-E9F6-4B70-BFEE-9EDA4C134C0A}
		{4267046A-B07E-4C88-B884-01CD17F82A11} = {E6BED945-E9F6-4B70-BFEE-9EDA4C134C0A}
		{78FF83CC-ECCB-43D7-BF96-E04C0CBAAC68} = {E6BED945-E9F6-4B70-BFEE-9EDA4C134C0A}
		{7F81ECB1-4C74-4E4D-BA09-747DDF96D11C} = {7A4983D1-1086-4A63-AA22-984B08FDF1A6}
		{91E234E1-1C33-4601-BF95-067BCE0D1799} = {7A4983D1-1086-4A63-AA22-984B08FDF1A6}
		{707CFE12-CB72-4BCB-A989-AFD18A4815F4} = {7A4983D1-1086-4A63-AA22-984B08FDF1A6}
		{532F2E31-D488-454B-93BF-2852F71EF51F} = {80CA50AB-F361-4DC1-8D0C-F6F690AE7ECA}
		{A69F35B3-43C4-4D7E-A5C0-328421AB297D} = {80CA50AB-F361-4DC1-8D0C-F6F690AE7ECA}
		{1E18A485-8D18-4336-AFB2-2EAF84E2C3BF} = {80CA50AB-F361-4DC1-8D0C-F6F690AE7ECA}
	EndGlobalSection
	GlobalSection(ExtensibilityGlobals) = postSolution
		SolutionGuid = {B5CCCDBB-94CE-462D-A266-3BDAE350B64F}
	EndGlobalSection
EndGlobal
